
Microsoft Visual Studio Solution File, Format Version 12.00
Project("{2150E333-8FDC-42A3-9474-1A3956D46DE8}") = "src", "src", "{2A312A23-8B7F-4DB6-8995-FFC5DED64758}"
EndProject
Project("{2150E333-8FDC-42A3-9474-1A3956D46DE8}") = "Core", "Core", "{C0176ED8-B50D-48AA-BDC3-8C4E2529BD15}"
EndProject
Project("{2150E333-8FDC-42A3-9474-1A3956D46DE8}") = "Infrastructure", "Infrastructure", "{090F19CE-06C9-44FC-A7EF-C5A78CCA04C1}"
EndProject
Project("{2150E333-8FDC-42A3-9474-1A3956D46DE8}") = "Presentation", "Presentation", "{CC6004F4-D8D8-4818-AFAD-6B2A81A6F8A4}"
EndProject
Project("{FAE04EC0-301F-11D3-BF4B-00C04F79EFBC}") = "Application", "Application\Application.csproj", "{4D346DCD-A2A1-40D0-B014-88744818DB8E}"
EndProject
Project("{FAE04EC0-301F-11D3-BF4B-00C04F79EFBC}") = "Domain", "Domain\Domain.csproj", "{9469164A-7F46-447D-A895-0A16D76EC491}"
EndProject
Project("{FAE04EC0-301F-11D3-BF4B-00C04F79EFBC}") = "Persistence", "Persistence\Persistence.csproj", "{6168365D-86F2-4B5F-AE1C-D5E622C5142B}"
EndProject
Project("{FAE04EC0-301F-11D3-BF4B-00C04F79EFBC}") = "Shared", "Shared\Shared.csproj", "{7249B1FF-5BF9-4F0B-BF0B-B8CE23751BF7}"
EndProject
Global
	GlobalSection(SolutionConfigurationPlatforms) = preSolution
		Debug|Any CPU = Debug|Any CPU
		Release|Any CPU = Release|Any CPU
	EndGlobalSection
	GlobalSection(NestedProjects) = preSolution
		{C0176ED8-B50D-48AA-BDC3-8C4E2529BD15} = {2A312A23-8B7F-4DB6-8995-FFC5DED64758}
		{090F19CE-06C9-44FC-A7EF-C5A78CCA04C1} = {2A312A23-8B7F-4DB6-8995-FFC5DED64758}
		{CC6004F4-D8D8-4818-AFAD-6B2A81A6F8A4} = {2A312A23-8B7F-4DB6-8995-FFC5DED64758}
		{4D346DCD-A2A1-40D0-B014-88744818DB8E} = {C0176ED8-B50D-48AA-BDC3-8C4E2529BD15}
		{9469164A-7F46-447D-A895-0A16D76EC491} = {C0176ED8-B50D-48AA-BDC3-8C4E2529BD15}
		{6168365D-86F2-4B5F-AE1C-D5E622C5142B} = {090F19CE-06C9-44FC-A7EF-C5A78CCA04C1}
		{7249B1FF-5BF9-4F0B-BF0B-B8CE23751BF7} = {090F19CE-06C9-44FC-A7EF-C5A78CCA04C1}
	EndGlobalSection
	GlobalSection(ProjectConfigurationPlatforms) = postSolution
		{4D346DCD-A2A1-40D0-B014-88744818DB8E}.Debug|Any CPU.ActiveCfg = Debug|Any CPU
		{4D346DCD-A2A1-40D0-B014-88744818DB8E}.Debug|Any CPU.Build.0 = Debug|Any CPU
		{4D346DCD-A2A1-40D0-B014-88744818DB8E}.Release|Any CPU.ActiveCfg = Release|Any CPU
		{4D346DCD-A2A1-40D0-B014-88744818DB8E}.Release|Any CPU.Build.0 = Release|Any CPU
		{9469164A-7F46-447D-A895-0A16D76EC491}.Debug|Any CPU.ActiveCfg = Debug|Any CPU
		{9469164A-7F46-447D-A895-0A16D76EC491}.Debug|Any CPU.Build.0 = Debug|Any CPU
		{9469164A-7F46-447D-A895-0A16D76EC491}.Release|Any CPU.ActiveCfg = Release|Any CPU
		{9469164A-7F46-447D-A895-0A16D76EC491}.Release|Any CPU.Build.0 = Release|Any CPU
		{6168365D-86F2-4B5F-AE1C-D5E622C5142B}.Debug|Any CPU.ActiveCfg = Debug|Any CPU
		{6168365D-86F2-4B5F-AE1C-D5E622C5142B}.Debug|Any CPU.Build.0 = Debug|Any CPU
		{6168365D-86F2-4B5F-AE1C-D5E622C5142B}.Release|Any CPU.ActiveCfg = Release|Any CPU
		{6168365D-86F2-4B5F-AE1C-D5E622C5142B}.Release|Any CPU.Build.0 = Release|Any CPU
		{7249B1FF-5BF9-4F0B-BF0B-B8CE23751BF7}.Debug|Any CPU.ActiveCfg = Debug|Any CPU
		{7249B1FF-5BF9-4F0B-BF0B-B8CE23751BF7}.Debug|Any CPU.Build.0 = Debug|Any CPU
		{7249B1FF-5BF9-4F0B-BF0B-B8CE23751BF7}.Release|Any CPU.ActiveCfg = Release|Any CPU
		{7249B1FF-5BF9-4F0B-BF0B-B8CE23751BF7}.Release|Any CPU.Build.0 = Release|Any CPU
	EndGlobalSection
EndGlobal
